// !$*UTF8*$!
{
	archiveVersion = 1;
	classes = {
	};
	objectVersion = 77;
	objects = {

/* Begin PBXBuildFile section */
		BE1ABC082FC56B6400845BA0 /* RazorpayCheckout in Frameworks */ = {isa = PBXBuildFile; productRef = BE1ABC072FC56B6400845BA0 /* RazorpayCheckout */; };
		BEAC6FF72FBCE45A006BB496 /* Auth in Frameworks */ = {isa = PBXBuildFile; productRef = BEAC6FF62FBCE45A006BB496 /* Auth */; };
		BEAC6FF92FBCE45A006BB496 /* Functions in Frameworks */ = {isa = PBXBuildFile; productRef = BEAC6FF82FBCE45A006BB496 /* Functions */; };
		BEAC6FFB2FBCE45A006BB496 /* PostgREST in Frameworks */ = {isa = PBXBuildFile; productRef = BEAC6FFA2FBCE45A006BB496 /* PostgREST */; };
		BEAC6FFD2FBCE45A006BB496 /* Realtime in Frameworks */ = {isa = PBXBuildFile; productRef = BEAC6FFC2FBCE45A006BB496 /* Realtime */; };
		BEAC6FFF2FBCE45A006BB496 /* Storage in Frameworks */ = {isa = PBXBuildFile; productRef = BEAC6FFE2FBCE45A006BB496 /* Storage */; };
		BEAC70012FBCE45A006BB496 /* Supabase in Frameworks */ = {isa = PBXBuildFile; productRef = BEAC70002FBCE45A006BB496 /* Supabase */; };
/* End PBXBuildFile section */

/* Begin PBXFileReference section */
		BEAC6E042FB6DAB5006BB496 /* luxury.app */ = {isa = PBXFileReference; explicitFileType = wrapper.application; includeInIndex = 0; path = luxury.app; sourceTree = BUILT_PRODUCTS_DIR; };
/* End PBXFileReference section */

/* Begin PBXFileSystemSynchronizedRootGroup section */
		BEAC6E062FB6DAB5006BB496 /* luxury */ = {
			isa = PBXFileSystemSynchronizedRootGroup;
			path = luxury;
			sourceTree = "<group>";
		};
/* End PBXFileSystemSynchronizedRootGroup section */

/* Begin PBXFrameworksBuildPhase section */
		BEAC6E012FB6DAB5006BB496 /* Frameworks */ = {
			isa = PBXFrameworksBuildPhase;
			buildActionMask = 2147483647;
			files = (
				BEAC6FFB2FBCE45A006BB496 /* PostgREST in Frameworks */,
				BEAC6FF92FBCE45A006BB496 /* Functions in Frameworks */,
				BE1ABC082FC56B6400845BA0 /* RazorpayCheckout in Frameworks */,
				BEAC70012FBCE45A006BB496 /* Supabase in Frameworks */,
				BEAC6FF72FBCE45A006BB496 /* Auth in Frameworks */,
				BEAC6FFF2FBCE45A006BB496 /* Storage in Frameworks */,
				BEAC6FFD2FBCE45A006BB496 /* Realtime in Frameworks */,
			);
			runOnlyForDeploymentPostprocessing = 0;
		};
/* End PBXFrameworksBuildPhase section */

/* Begin PBXGroup section */
		BEAC6DFB2FB6DAB5006BB496 = {
			isa = PBXGroup;
			children = (
				BEAC6E062FB6DAB5006BB496 /* luxury */,
				E23A9DCF2FD187B200F286A0 /* Frameworks */,
				BEAC6E052FB6DAB5006BB496 /* Products */,
			);
			sourceTree = "<group>";
		};
		BEAC6E052FB6DAB5006BB496 /* Products */ = {
			isa = PBXGroup;
			children = (
				BEAC6E042FB6DAB5006BB496 /* luxury.app */,
			);
			name = Products;
			sourceTree = "<group>";
		};
		E23A9DCF2FD187B200F286A0 /* Frameworks */ = {
			isa = PBXGroup;
			children = (
			);
			name = Frameworks;
			sourceTree = "<group>";
		};
/* End PBXGroup section */

/* Begin PBXNativeTarget section */
		BEAC6E032FB6DAB5006BB496 /* luxury */ = {
			isa = PBXNativeTarget;
			buildConfigurationList = BEAC6E0F2FB6DAB7006BB496 /* Build configuration list for PBXNativeTarget "luxury" */;
			buildPhases = (
				BEAC6E002FB6DAB5006BB496 /* Sources */,
				BEAC6E012FB6DAB5006BB496 /* Frameworks */,
				BEAC6E022FB6DAB5006BB496 /* Resources */,
			);
			buildRules = (
			);
			dependencies = (
			);
			fileSystemSynchronizedGroups = (
				BEAC6E062FB6DAB5006BB496 /* luxury */,
			);
			name = luxury;
			packageProductDependencies = (
				BEAC6FF62FBCE45A006BB496 /* Auth */,
				BEAC6FF82FBCE45A006BB496 /* Functions */,
				BEAC6FFA2FBCE45A006BB496 /* PostgREST */,
				BEAC6FFC2FBCE45A006BB496 /* Realtime */,
				BEAC6FFE2FBCE45A006BB496 /* Storage */,
				BEAC70002FBCE45A006BB496 /* Supabase */,
				BE1ABC072FC56B6400845BA0 /* RazorpayCheckout */,
			);
			productName = luxury;
			productReference = BEAC6E042FB6DAB5006BB496 /* luxury.app */;
			productType = "com.apple.product-type.application";
		};
/* End PBXNativeTarget section */

/* Begin PBXProject section */
		BEAC6DFC2FB6DAB5006BB496 /* Project object */ = {
			isa = PBXProject;
			attributes = {
				BuildIndependentTargetsInParallel = 1;
				LastSwiftUpdateCheck = 2630;
				LastUpgradeCheck = 2650;
				TargetAttributes = {
					BEAC6E032FB6DAB5006BB496 = {
						CreatedOnToolsVersion = 26.3;
					};
				};
			};
			buildConfigurationList = BEAC6DFF2FB6DAB5006BB496 /* Build configuration list for PBXProject "luxury" */;
			developmentRegion = en;
			hasScannedForEncodings = 0;
			knownRegions = (
				en,
				Base,
				hi,
				"zh-Hans",
				"zh-Hant",
			);
			mainGroup = BEAC6DFB2FB6DAB5006BB496;
			minimizedProjectReferenceProxies = 1;
			packageReferences = (
				BEAC6FF52FBCE45A006BB496 /* XCRemoteSwiftPackageReference "supabase-swift" */,
				BE1ABC062FC56B6400845BA0 /* XCRemoteSwiftPackageReference "razorpay-pod" */,
			);
			preferredProjectObjectVersion = 77;
			productRefGroup = BEAC6E052FB6DAB5006BB496 /* Products */;
			projectDirPath = "";
			projectRoot = "";
			targets = (
				BEAC6E032FB6DAB5006BB496 /* luxury */,
			);
		};
/* End PBXProject section */

/* Begin PBXResourcesBuildPhase section */
		BEAC6E022FB6DAB5006BB496 /* Resources */ = {
			isa = PBXResourcesBuildPhase;
			buildActionMask = 2147483647;
			files = (
			);
			runOnlyForDeploymentPostprocessing = 0;
		};
/* End PBXResourcesBuildPhase section */

/* Begin PBXSourcesBuildPhase section */
		BEAC6E002FB6DAB5006BB496 /* Sources */ = {
			isa = PBXSourcesBuildPhase;
			buildActionMask = 2147483647;
			files = (
			);
			runOnlyForDeploymentPostprocessing = 0;
		};
/* End PBXSourcesBuildPhase section */

/* Begin XCBuildConfiguration section */
		BEAC6E0D2FB6DAB7006BB496 /* Debug */ = {
			isa = XCBuildConfiguration;
			buildSettings = {
				ALWAYS_SEARCH_USER_PATHS = NO;
				ASSETCATALOG_COMPILER_GENERATE_SWIFT_ASSET_SYMBOL_EXTENSIONS = YES;
				CLANG_ANALYZER_NONNULL = YES;
				CLANG_ANALYZER_NUMBER_OBJECT_CONVERSION = YES_AGGRESSIVE;
				CLANG_CXX_LANGUAGE_STANDARD = "gnu++20";
				CLANG_ENABLE_MODULES = YES;
				CLANG_ENABLE_OBJC_ARC = YES;
				CLANG_ENABLE_OBJC_WEAK = YES;
				CLANG_WARN_BLOCK_CAPTURE_AUTORELEASING = YES;
				CLANG_WARN_BOOL_CONVERSION = YES;
				CLANG_WARN_COMMA = YES;
				CLANG_WARN_CONSTANT_CONVERSION = YES;
				CLANG_WARN_DEPRECATED_OBJC_IMPLEMENTATIONS = YES;
				CLANG_WARN_DIRECT_OBJC_ISA_USAGE = YES_ERROR;
				CLANG_WARN_DOCUMENTATION_COMMENTS = YES;
				CLANG_WARN_EMPTY_BODY = YES;
				CLANG_WARN_ENUM_CONVERSION = YES;
				CLANG_WARN_INFINITE_RECURSION = YES;
				CLANG_WARN_INT_CONVERSION = YES;
				CLANG_WARN_NON_LITERAL_NULL_CONVERSION = YES;
				CLANG_WARN_OBJC_IMPLICIT_RETAIN_SELF = YES;
				CLANG_WARN_OBJC_LITERAL_CONVERSION = YES;
				CLANG_WARN_OBJC_ROOT_CLASS = YES_ERROR;
				CLANG_WARN_QUOTED_INCLUDE_IN_FRAMEWORK_HEADER = YES;
				CLANG_WARN_RANGE_LOOP_ANALYSIS = YES;
				CLANG_WARN_STRICT_PROTOTYPES = YES;
				CLANG_WARN_SUSPICIOUS_MOVE = YES;
				CLANG_WARN_UNGUARDED_AVAILABILITY = YES_AGGRESSIVE;
				CLANG_WARN_UNREACHABLE_CODE = YES;
				CLANG_WARN__DUPLICATE_METHOD_MATCH = YES;
				COPY_PHASE_STRIP = NO;
				DEAD_CODE_STRIPPING = YES;
				DEBUG_INFORMATION_FORMAT = dwarf;
				DEVELOPMENT_TEAM = DMKB94K3XZ;
				ENABLE_STRICT_OBJC_MSGSEND = YES;
				ENABLE_TESTABILITY = YES;
				ENABLE_USER_SCRIPT_SANDBOXING = YES;
				GCC_C_LANGUAGE_STANDARD = gnu17;
				GCC_DYNAMIC_NO_PIC = NO;
				GCC_NO_COMMON_BLOCKS = YES;
				GCC_OPTIMIZATION_LEVEL = 0;
				GCC_PREPROCESSOR_DEFINITIONS = (
					"DEBUG=1",
					"$(inherited)",
				);
				GCC_WARN_64_TO_32_BIT_CONVERSION = YES;
				GCC_WARN_ABOUT_RETURN_TYPE = YES_ERROR;
				GCC_WARN_UNDECLARED_SELECTOR = YES;
				GCC_WARN_UNINITIALIZED_AUTOS = YES_AGGRESSIVE;
				GCC_WARN_UNUSED_FUNCTION = YES;
				GCC_WARN_UNUSED_VARIABLE = YES;
				LOCALIZATION_PREFERS_STRING_CATALOGS = YES;
				MTL_ENABLE_DEBUG_INFO = INCLUDE_SOURCE;
				MTL_FAST_MATH = YES;
				ONLY_ACTIVE_ARCH = YES;
				STRING_CATALOG_GENERATE_SYMBOLS = YES;
				SWIFT_ACTIVE_COMPILATION_CONDITIONS = "DEBUG $(inherited)";
				SWIFT_OPTIMIZATION_LEVEL = "-Onone";
			};
			name = Debug;
		};
		BEAC6E0E2FB6DAB7006BB496 /* Release */ = {
			isa = XCBuildConfiguration;
			buildSettings = {
				ALWAYS_SEARCH_USER_PATHS = NO;
				ASSETCATALOG_COMPILER_GENERATE_SWIFT_ASSET_SYMBOL_EXTENSIONS = YES;
				CLANG_ANALYZER_NONNULL = YES;
				CLANG_ANALYZER_NUMBER_OBJECT_CONVERSION = YES_AGGRESSIVE;
				CLANG_CXX_LANGUAGE_STANDARD = "gnu++20";
				CLANG_ENABLE_MODULES = YES;
				CLANG_ENABLE_OBJC_ARC = YES;
				CLANG_ENABLE_OBJC_WEAK = YES;
				CLANG_WARN_BLOCK_CAPTURE_AUTORELEASING = YES;
				CLANG_WARN_BOOL_CONVERSION = YES;
				CLANG_WARN_COMMA = YES;
				CLANG_WARN_CONSTANT_CONVERSION = YES;
				CLANG_WARN_DEPRECATED_OBJC_IMPLEMENTATIONS = YES;
				CLANG_WARN_DIRECT_OBJC_ISA_USAGE = YES_ERROR;
				CLANG_WARN_DOCUMENTATION_COMMENTS = YES;
				CLANG_WARN_EMPTY_BODY = YES;
				CLANG_WARN_ENUM_CONVERSION = YES;
				CLANG_WARN_INFINITE_RECURSION = YES;
				CLANG_WARN_INT_CONVERSION = YES;
				CLANG_WARN_NON_LITERAL_NULL_CONVERSION = YES;
				CLANG_WARN_OBJC_IMPLICIT_RETAIN_SELF = YES;
				CLANG_WARN_OBJC_LITERAL_CONVERSION = YES;
				CLANG_WARN_OBJC_ROOT_CLASS = YES_ERROR;
				CLANG_WARN_QUOTED_INCLUDE_IN_FRAMEWORK_HEADER = YES;
				CLANG_WARN_RANGE_LOOP_ANALYSIS = YES;
				CLANG_WARN_STRICT_PROTOTYPES = YES;
				CLANG_WARN_SUSPICIOUS_MOVE = YES;
				CLANG_WARN_UNGUARDED_AVAILABILITY = YES_AGGRESSIVE;
				CLANG_WARN_UNREACHABLE_CODE = YES;
				CLANG_WARN__DUPLICATE_METHOD_MATCH = YES;
				COPY_PHASE_STRIP = NO;
				DEAD_CODE_STRIPPING = YES;
				DEBUG_INFORMATION_FORMAT = "dwarf-with-dsym";
				DEVELOPMENT_TEAM = DMKB94K3XZ;
				ENABLE_NS_ASSERTIONS = NO;
				ENABLE_STRICT_OBJC_MSGSEND = YES;
				ENABLE_USER_SCRIPT_SANDBOXING = YES;
				GCC_C_LANGUAGE_STANDARD = gnu17;
				GCC_NO_COMMON_BLOCKS = YES;
				GCC_WARN_64_TO_32_BIT_CONVERSION = YES;
				GCC_WARN_ABOUT_RETURN_TYPE = YES_ERROR;
				GCC_WARN_UNDECLARED_SELECTOR = YES;
				GCC_WARN_UNINITIALIZED_AUTOS = YES_AGGRESSIVE;
				GCC_WARN_UNUSED_FUNCTION = YES;
				GCC_WARN_UNUSED_VARIABLE = YES;
				LOCALIZATION_PREFERS_STRING_CATALOGS = YES;
				MTL_ENABLE_DEBUG_INFO = NO;
				MTL_FAST_MATH = YES;
				STRING_CATALOG_GENERATE_SYMBOLS = YES;
				SWIFT_COMPILATION_MODE = wholemodule;
			};
			name = Release;
		};
		BEAC6E102FB6DAB7006BB496 /* Debug */ = {
			isa = XCBuildConfiguration;
			buildSettings = {
				ASSETCATALOG_COMPILER_APPICON_NAME = AppIcon;
				ASSETCATALOG_COMPILER_GLOBAL_ACCENT_COLOR_NAME = AccentColor;
				CODE_SIGN_IDENTITY = "Apple Development";
				CODE_SIGN_STYLE = Automatic;
				CURRENT_PROJECT_VERSION = 1;
				DEAD_CODE_STRIPPING = YES;
				DEVELOPMENT_TEAM = 667V7CCT79;
				ENABLE_APP_SANDBOX = YES;
				ENABLE_HARDENED_RUNTIME = YES;
				ENABLE_PREVIEWS = YES;
				ENABLE_USER_SELECTED_FILES = readonly;
				GENERATE_INFOPLIST_FILE = YES;
				INFOPLIST_FILE = "luxury/Custom-Info.plist";
				INFOPLIST_KEY_CFBundleDisplayName = "D'LUSSO";
				INFOPLIST_KEY_INAlternativeAppNames = "D Lusso";
				INFOPLIST_KEY_NSCalendarsFullAccessUsageDescription = "This app requires access to your calendar to schedule appointments.";
				INFOPLIST_KEY_NSCalendarsUsageDescription = "This app requires access to your calendar to schedule appointments.";
				INFOPLIST_KEY_NSCameraUsageDescription = "We need access to the camera to scan product barcodes and QR codes.";
				INFOPLIST_KEY_NSMicrophoneUsageDescription = "We need access to the microphone for video consultations.";
				"INFOPLIST_KEY_UIApplicationSceneManifest_Generation[sdk=iphoneos*]" = YES;
				"INFOPLIST_KEY_UIApplicationSceneManifest_Generation[sdk=iphonesimulator*]" = YES;
				"INFOPLIST_KEY_UIApplicationSupportsIndirectInputEvents[sdk=iphoneos*]" = YES;
				"INFOPLIST_KEY_UIApplicationSupportsIndirectInputEvents[sdk=iphonesimulator*]" = YES;
				"INFOPLIST_KEY_UILaunchScreen_Generation[sdk=iphoneos*]" = YES;
				"INFOPLIST_KEY_UILaunchScreen_Generation[sdk=iphonesimulator*]" = YES;
				"INFOPLIST_KEY_UIStatusBarStyle[sdk=iphoneos*]" = UIStatusBarStyleDefault;
				"INFOPLIST_KEY_UIStatusBarStyle[sdk=iphonesimulator*]" = UIStatusBarStyleDefault;
				INFOPLIST_KEY_UISupportedInterfaceOrientations_iPad = "UIInterfaceOrientationPortrait UIInterfaceOrientationPortraitUpsideDown UIInterfaceOrientationLandscapeLeft UIInterfaceOrientationLandscapeRight";
				INFOPLIST_KEY_UISupportedInterfaceOrientations_iPhone = "UIInterfaceOrientationPortrait UIInterfaceOrientationLandscapeLeft UIInterfaceOrientationLandscapeRight";
				IPHONEOS_DEPLOYMENT_TARGET = 26.0;
				LD_RUNPATH_SEARCH_PATHS = "@executable_path/Frameworks";
				"LD_RUNPATH_SEARCH_PATHS[sdk=macosx*]" = "@executable_path/../Frameworks";
				MACOSX_DEPLOYMENT_TARGET = 26.2;
				MARKETING_VERSION = 1.0;
				PRODUCT_BUNDLE_IDENTIFIER = com.eight.luxury.app;
				PRODUCT_NAME = "$(TARGET_NAME)";
				PROVISIONING_PROFILE_SPECIFIER = "";
				REGISTER_APP_GROUPS = YES;
				SDKROOT = auto;
				STRING_CATALOG_GENERATE_SYMBOLS = YES;
				SUPPORTED_PLATFORMS = "iphoneos iphonesimulator";
				SUPPORTS_MACCATALYST = NO;
				SWIFT_APPROACHABLE_CONCURRENCY = YES;
				SWIFT_DEFAULT_ACTOR_ISOLATION = MainActor;
				SWIFT_EMIT_LOC_STRINGS = YES;
				SWIFT_UPCOMING_FEATURE_MEMBER_IMPORT_VISIBILITY = YES;
				SWIFT_VERSION = 5.0;
				TARGETED_DEVICE_FAMILY = "1,2";
				XROS_DEPLOYMENT_TARGET = 26.2;
			};
			name = Debug;
		};
		BEAC6E112FB6DAB7006BB496 /* Release */ = {
			isa = XCBuildConfiguration;
			buildSettings = {
				ASSETCATALOG_COMPILER_APPICON_NAME = AppIcon;
				ASSETCATALOG_COMPILER_GLOBAL_ACCENT_COLOR_NAME = AccentColor;
				CODE_SIGN_IDENTITY = "Apple Development";
				CODE_SIGN_STYLE = Automatic;
				CURRENT_PROJECT_VERSION = 1;
				DEAD_CODE_STRIPPING = YES;
				DEVELOPMENT_TEAM = 667V7CCT79;
				ENABLE_APP_SANDBOX = YES;
				ENABLE_HARDENED_RUNTIME = YES;
				ENABLE_PREVIEWS = YES;
				ENABLE_USER_SELECTED_FILES = readonly;
				GENERATE_INFOPLIST_FILE = YES;
				INFOPLIST_FILE = "luxury/Custom-Info.plist";
				INFOPLIST_KEY_CFBundleDisplayName = "D'LUSSO";
				INFOPLIST_KEY_INAlternativeAppNames = "D Lusso";
				INFOPLIST_KEY_NSCalendarsFullAccessUsageDescription = "This app requires access to your calendar to schedule appointments.";
				INFOPLIST_KEY_NSCalendarsUsageDescription = "This app requires access to your calendar to schedule appointments.";
				INFOPLIST_KEY_NSCameraUsageDescription = "We need access to the camera to scan product barcodes and QR codes.";
				INFOPLIST_KEY_NSMicrophoneUsageDescription = "We need access to the microphone for video consultations.";
				"INFOPLIST_KEY_UIApplicationSceneManifest_Generation[sdk=iphoneos*]" = YES;
				"INFOPLIST_KEY_UIApplicationSceneManifest_Generation[sdk=iphonesimulator*]" = YES;
				"INFOPLIST_KEY_UIApplicationSupportsIndirectInputEvents[sdk=iphoneos*]" = YES;
				"INFOPLIST_KEY_UIApplicationSupportsIndirectInputEvents[sdk=iphonesimulator*]" = YES;
				"INFOPLIST_KEY_UILaunchScreen_Generation[sdk=iphoneos*]" = YES;
				"INFOPLIST_KEY_UILaunchScreen_Generation[sdk=iphonesimulator*]" = YES;
				"INFOPLIST_KEY_UIStatusBarStyle[sdk=iphoneos*]" = UIStatusBarStyleDefault;
				"INFOPLIST_KEY_UIStatusBarStyle[sdk=iphonesimulator*]" = UIStatusBarStyleDefault;
				INFOPLIST_KEY_UISupportedInterfaceOrientations_iPad = "UIInterfaceOrientationPortrait UIInterfaceOrientationPortraitUpsideDown UIInterfaceOrientationLandscapeLeft UIInterfaceOrientationLandscapeRight";
				INFOPLIST_KEY_UISupportedInterfaceOrientations_iPhone = "UIInterfaceOrientationPortrait UIInterfaceOrientationLandscapeLeft UIInterfaceOrientationLandscapeRight";
				IPHONEOS_DEPLOYMENT_TARGET = 26.0;
				LD_RUNPATH_SEARCH_PATHS = "@executable_path/Frameworks";
				"LD_RUNPATH_SEARCH_PATHS[sdk=macosx*]" = "@executable_path/../Frameworks";
				MACOSX_DEPLOYMENT_TARGET = 26.2;
				MARKETING_VERSION = 1.0;
				PRODUCT_BUNDLE_IDENTIFIER = com.eight.luxury.app;
				PRODUCT_NAME = "$(TARGET_NAME)";
				PROVISIONING_PROFILE_SPECIFIER = "";
				REGISTER_APP_GROUPS = YES;
				SDKROOT = auto;
				STRING_CATALOG_GENERATE_SYMBOLS = YES;
				SUPPORTED_PLATFORMS = "iphoneos iphonesimulator";
				SUPPORTS_MACCATALYST = NO;
				SWIFT_APPROACHABLE_CONCURRENCY = YES;
				SWIFT_DEFAULT_ACTOR_ISOLATION = MainActor;
				SWIFT_EMIT_LOC_STRINGS = YES;
				SWIFT_UPCOMING_FEATURE_MEMBER_IMPORT_VISIBILITY = YES;
				SWIFT_VERSION = 5.0;
				TARGETED_DEVICE_FAMILY = "1,2";
				XROS_DEPLOYMENT_TARGET = 26.2;
			};
			name = Release;
		};
/* End XCBuildConfiguration section */

/* Begin XCConfigurationList section */
		BEAC6DFF2FB6DAB5006BB496 /* Build configuration list for PBXProject "luxury" */ = {
			isa = XCConfigurationList;
			buildConfigurations = (
				BEAC6E0D2FB6DAB7006BB496 /* Debug */,
				BEAC6E0E2FB6DAB7006BB496 /* Release */,
			);
			defaultConfigurationIsVisible = 0;
			defaultConfigurationName = Release;
		};
		BEAC6E0F2FB6DAB7006BB496 /* Build configuration list for PBXNativeTarget "luxury" */ = {
			isa = XCConfigurationList;
			buildConfigurations = (
				BEAC6E102FB6DAB7006BB496 /* Debug */,
				BEAC6E112FB6DAB7006BB496 /* Release */,
			);
			defaultConfigurationIsVisible = 0;
			defaultConfigurationName = Release;
		};
/* End XCConfigurationList section */

/* Begin XCRemoteSwiftPackageReference section */
		BE1ABC062FC56B6400845BA0 /* XCRemoteSwiftPackageReference "razorpay-pod" */ = {
			isa = XCRemoteSwiftPackageReference;
			repositoryURL = "https://github.com/razorpay/razorpay-pod";
			requirement = {
				kind = upToNextMajorVersion;
				minimumVersion = 1.5.3;
			};
		};
		BEAC6FF52FBCE45A006BB496 /* XCRemoteSwiftPackageReference "supabase-swift" */ = {
			isa = XCRemoteSwiftPackageReference;
			repositoryURL = "https://github.com/supabase/supabase-swift";
			requirement = {
				kind = upToNextMajorVersion;
				minimumVersion = 2.5.1;
			};
		};
/* End XCRemoteSwiftPackageReference section */

/* Begin XCSwiftPackageProductDependency section */
		BE1ABC072FC56B6400845BA0 /* RazorpayCheckout */ = {
			isa = XCSwiftPackageProductDependency;
			package = BE1ABC062FC56B6400845BA0 /* XCRemoteSwiftPackageReference "razorpay-pod" */;
			productName = RazorpayCheckout;
		};
		BEAC6FF62FBCE45A006BB496 /* Auth */ = {
			isa = XCSwiftPackageProductDependency;
			package = BEAC6FF52FBCE45A006BB496 /* XCRemoteSwiftPackageReference "supabase-swift" */;
			productName = Auth;
		};
		BEAC6FF82FBCE45A006BB496 /* Functions */ = {
			isa = XCSwiftPackageProductDependency;
			package = BEAC6FF52FBCE45A006BB496 /* XCRemoteSwiftPackageReference "supabase-swift" */;
			productName = Functions;
		};
		BEAC6FFA2FBCE45A006BB496 /* PostgREST */ = {
			isa = XCSwiftPackageProductDependency;
			package = BEAC6FF52FBCE45A006BB496 /* XCRemoteSwiftPackageReference "supabase-swift" */;
			productName = PostgREST;
		};
		BEAC6FFC2FBCE45A006BB496 /* Realtime */ = {
			isa = XCSwiftPackageProductDependency;
			package = BEAC6FF52FBCE45A006BB496 /* XCRemoteSwiftPackageReference "supabase-swift" */;
			productName = Realtime;
		};
		BEAC6FFE2FBCE45A006BB496 /* Storage */ = {
			isa = XCSwiftPackageProductDependency;
			package = BEAC6FF52FBCE45A006BB496 /* XCRemoteSwiftPackageReference "supabase-swift" */;
			productName = Storage;
		};
		BEAC70002FBCE45A006BB496 /* Supabase */ = {
			isa = XCSwiftPackageProductDependency;
			package = BEAC6FF52FBCE45A006BB496 /* XCRemoteSwiftPackageReference "supabase-swift" */;
			productName = Supabase;
		};
/* End XCSwiftPackageProductDependency section */
	};
	rootObject = BEAC6DFC2FB6DAB5006BB496 /* Project object */;
}
